
Microsoft Visual Studio Solution File, Format Version 12.00
# Visual Studio Version 16
VisualStudioVersion = 16.0.29613.14
MinimumVisualStudioVersion = 10.0.40219.1
Project("{FAE04EC0-301F-11D3-BF4B-00C04F79EFBC}") = "Pit1240", "Pit1240\Pit1240.csproj", "{B6F1DC3E-2C7E-4D03-A952-785D7538A13A}"
EndProject
Global
	GlobalSection(SolutionConfigurationPlatforms) = preSolution
		Debug|Any CPU = Debug|Any CPU
		Release|Any CPU = Release|Any CPU
	EndGlobalSection
	GlobalSection(ProjectConfigurationPlatforms) = postSolution
		{B6F1DC3E-2C7E-4D03-A952-785D7538A13A}.Debug|Any CPU.ActiveCfg = Debug|Any CPU
		{B6F1DC3E-2C7E-4D03-A952-785D7538A13A}.Debug|Any CPU.Build.0 = Debug|Any CPU
		{B6F1DC3E-2C7E-4D03-A952-785D7538A13A}.Release|Any CPU.ActiveCfg = Release|Any CPU
		{B6F1DC3E-2C7E-4D03-A952-785D7538A13A}.Release|Any CPU.Build.0 = Release|Any CPU
	EndGlobalSection
	GlobalSection(SolutionProperties) = preSolution
		HideSolutionNode = FALSE
	EndGlobalSection
	GlobalSection(ExtensibilityGlobals) = postSolution
		SolutionGuid = {99A457BC-1B9F-447F-BEAB-ADC3F83C5AB0}
	EndGlobalSection
EndGlobal
